
Microsoft Visual Studio Solution File, Format Version 12.00
# Visual Studio Version 17
VisualStudioVersion = 17.9.34728.123
MinimumVisualStudioVersion = 10.0.40219.1
Project("{FAE04EC0-301F-11D3-BF4B-00C04F79EFBC}") = "WordGame", "WordGame.csproj", "{A5A123DD-DC08-43E3-B6BD-4734D8FE6EA2}"
EndProject
Global
	GlobalSection(SolutionConfigurationPlatforms) = preSolution
		Debug|Any CPU = Debug|Any CPU
		Release|Any CPU = Release|Any CPU
	EndGlobalSection
	GlobalSection(ProjectConfigurationPlatforms) = postSolution
		{A5A123DD-DC08-43E3-B6BD-4734D8FE6EA2}.Debug|Any CPU.ActiveCfg = Debug|Any CPU
		{A5A123DD-DC08-43E3-B6BD-4734D8FE6EA2}.Debug|Any CPU.Build.0 = Debug|Any CPU
		{A5A123DD-DC08-43E3-B6BD-4734D8FE6EA2}.Release|Any CPU.ActiveCfg = Release|Any CPU
		{A5A123DD-DC08-43E3-B6BD-4734D8FE6EA2}.Release|Any CPU.Build.0 = Release|Any CPU
	EndGlobalSection
	GlobalSection(SolutionProperties) = preSolution
		HideSolutionNode = FALSE
	EndGlobalSection
	GlobalSection(ExtensibilityGlobals) = postSolution
		SolutionGuid = {D24D53FE-D128-4881-A2AA-A0302A40B349}
	EndGlobalSection
EndGlobal
